
Microsoft Visual Studio Solution File, Format Version 12.00
# Visual Studio Version 17
VisualStudioVersion = 17.0.32112.339
MinimumVisualStudioVersion = 10.0.40219.1
Project("{FAE04EC0-301F-11D3-BF4B-00C04F79EFBC}") = "Calculator", "Calculator\Calculator.csproj", "{839F8EAE-2BA6-4442-B5E1-CAD3418C7D38}"
EndProject
Global
	GlobalSection(SolutionConfigurationPlatforms) = preSolution
		Debug|Any CPU = Debug|Any CPU
		Release|Any CPU = Release|Any CPU
	EndGlobalSection
	GlobalSection(ProjectConfigurationPlatforms) = postSolution
		{839F8EAE-2BA6-4442-B5E1-CAD3418C7D38}.Debug|Any CPU.ActiveCfg = Debug|Any CPU
		{839F8EAE-2BA6-4442-B5E1-CAD3418C7D38}.Debug|Any CPU.Build.0 = Debug|Any CPU
		{839F8EAE-2BA6-4442-B5E1-CAD3418C7D38}.Release|Any CPU.ActiveCfg = Release|Any CPU
		{839F8EAE-2BA6-4442-B5E1-CAD3418C7D38}.Release|Any CPU.Build.0 = Release|Any CPU
	EndGlobalSection
	GlobalSection(SolutionProperties) = preSolution
		HideSolutionNode = FALSE
	EndGlobalSection
	GlobalSection(ExtensibilityGlobals) = postSolution
		SolutionGuid = {A4AC0C01-7DCB-4F44-A877-1C22123B856F}
	EndGlobalSection
EndGlobal
